github.com/klauspost/compress v1.15.12 h1:YClS/PImqYbn+UILDnqxQCZ3RehC9N318SU3kElDUEM=
github.com/klauspost/compress v1.15.12/go.mod h1:QPwzmACJjUTFsnSHH934V6woptycfrDDJnH7hvFVbGM=
github.com/valyala/fasthttp v0.0.0-20160617101304-d42167fd04f6 h1:uEhjaCRyOrn14XCdJQnqsiLLA+PCsM1BYFrPdWdHf/w=
github.com/valyala/fasthttp v0.0.0-20160617101304-d42167fd04f6/go.mod h1:+g/po7GqyG5E+1CNgquiIxJnsXEi5vwFn5weFujbO78=
