github.com/klauspost/compress v1.15.12 h1:YClS/PImqYbn+UILDnqxQCZ3RehC9N318SU3kElDUEM=
github.com/klauspost/compress v1.15.12/go.mod h1:QPwzmACJjUTFsnSHH934V6woptycfrDDJnH7hvFVbGM=
github.com/valyala/bytebufferpool v1.0.0 h1:GqA5TC/0021Y/b9FG4Oi9Mr3q7XYx6KllzawFIhcdPw=
github.com/valyala/bytebufferpool v1.0.0/go.mod h1:6bBcMArwyJ5K/AmCkWv1jt77kVWyCJ6HpOuEn7z0Csc=
github.com/valyala/fasthttp v0.0.0-20170109085056-0a7f0a797cd6 h1:s0IDmR1jFyWvOK7jVIuAsmHQaGkXUuTas8NXFUOwuAI=
github.com/valyala/fasthttp v0.0.0-20170109085056-0a7f0a797cd6/go.mod h1:+g/po7GqyG5E+1CNgquiIxJnsXEi5vwFn5weFujbO78=
